{
	"name": "package-01",
	"version": "0.0.4",
	"lockfileVersion": 1,
	"requires": true,
	"dependencies": {
		"jquery": {
			"version": "3.5.0",
			"resolved": "https://registry.npmjs.org/jquery/-/jquery-3.5.0.tgz",
			"integrity": "sha512-Xb7SVYMvygPxbFMpTFQiHh1J7HClEaThguL15N/Gg37Lri/qKyhRGZYzHRyLH8Stq3Aow0LsHO2O2ci86fCrNQ=="
		},
		"loadash": {
			"version": "1.0.0",
			"resolved": "https://registry.npmjs.org/loadash/-/loadash-1.0.0.tgz",
			"integrity": "sha512-xlX5HBsXB3KG0FJbJJG/3kYWCfsCyCSus3T+uHVu6QL6YxAdggmm3QeyLgn54N2yi5/UE6xxL5ZWJAAiHzHYEg=="
		},
		"package-02": {
			"version": "0.0.4",
			"resolved": "https://registry.npmjs.org/package-02/-/package-02-0.0.4.tgz",
			"integrity": "sha512-k20GA0Sm/4tmMQa6FJ8aa4ZCBI7aknwzrI4MiD5bzYz1/j2XebhYx5B6LfzZAw3LxRPrbh7S4hGlpIWSY3w5og==",
			"requires": {
				"jquery": "^3.4.1",
				"loadash": "^1.0.0",
				"underscore": "^1.9.1"
			}
		},
		"underscore": {
			"version": "1.9.1",
			"resolved": "http://registry.npm.taobao.org/underscore/download/underscore-1.9.1.tgz",
			"integrity": "sha1-BtzjSg5op7q8KbNluOdLiSUgOWE="
		},
		"zepto": {
			"version": "1.2.0",
			"resolved": "https://registry.npmjs.org/zepto/-/zepto-1.2.0.tgz",
			"integrity": "sha1-4Se9nmb9hGvl6rSME5SIL3wOT5g="
		}
	}
}
